// !$*UTF8*$!
{
	archiveVersion = 1;
	classes = {
	};
	objectVersion = 50;
	objects = {

/* Begin PBXBuildFile section */
		2B3009CD215F68E400FE3A2E /* AppDelegate.swift in Sources */ = {isa = PBXBuildFile; fileRef = 2B3009CC215F68E400FE3A2E /* AppDelegate.swift */; };
		2B3009CF215F68E400FE3A2E /* ViewController.swift in Sources */ = {isa = PBXBuildFile; fileRef = 2B3009CE215F68E400FE3A2E /* ViewController.swift */; };
		2B3009D1215F68E500FE3A2E /* Assets.xcassets in Resources */ = {isa = PBXBuildFile; fileRef = 2B3009D0215F68E500FE3A2E /* Assets.xcassets */; };
		2B3009D4215F68E500FE3A2E /* Main.storyboard in Resources */ = {isa = PBXBuildFile; fileRef = 2B3009D2215F68E500FE3A2E /* Main.storyboard */; };
		2B3009EB215F690200FE3A2E /* AAPLSlide.swift in Sources */ = {isa = PBXBuildFile; fileRef = 2B3009DC215F690100FE3A2E /* AAPLSlide.swift */; };
		2B3009EC215F690200FE3A2E /* AAPLFooterView.swift in Sources */ = {isa = PBXBuildFile; fileRef = 2B3009DD215F690100FE3A2E /* AAPLFooterView.swift */; };
		2B3009ED215F690200FE3A2E /* AAPLImageCollection.swift in Sources */ = {isa = PBXBuildFile; fileRef = 2B3009DE215F690100FE3A2E /* AAPLImageCollection.swift */; };
		2B3009EE215F690200FE3A2E /* AAPLAppDelegate.swift in Sources */ = {isa = PBXBuildFile; fileRef = 2B3009DF215F690100FE3A2E /* AAPLAppDelegate.swift */; };
		2B3009EF215F690200FE3A2E /* AAPLHeaderView.swift in Sources */ = {isa = PBXBuildFile; fileRef = 2B3009E0215F690100FE3A2E /* AAPLHeaderView.swift */; };
		2B3009F0215F690200FE3A2E /* AAPLSlideImageView.swift in Sources */ = {isa = PBXBuildFile; fileRef = 2B3009E1215F690100FE3A2E /* AAPLSlideImageView.swift */; };
		2B3009F1215F690200FE3A2E /* AAPLFileTreeWatcherThread.swift in Sources */ = {isa = PBXBuildFile; fileRef = 2B3009E2215F690100FE3A2E /* AAPLFileTreeWatcherThread.swift */; };
		2B3009F2215F690200FE3A2E /* AAPLWrappedLayout.swift in Sources */ = {isa = PBXBuildFile; fileRef = 2B3009E3215F690100FE3A2E /* AAPLWrappedLayout.swift */; };
		2B3009F3215F690200FE3A2E /* AAPLSlideCarrierView.swift in Sources */ = {isa = PBXBuildFile; fileRef = 2B3009E4215F690100FE3A2E /* AAPLSlideCarrierView.swift */; };
		2B3009F4215F690200FE3A2E /* AAPLSlideBorderView.swift in Sources */ = {isa = PBXBuildFile; fileRef = 2B3009E5215F690100FE3A2E /* AAPLSlideBorderView.swift */; };
		2B3009F5215F690200FE3A2E /* AAPLBrowserWindowController.swift in Sources */ = {isa = PBXBuildFile; fileRef = 2B3009E6215F690100FE3A2E /* AAPLBrowserWindowController.swift */; };
		2B3009F6215F690200FE3A2E /* Array+sorted.swift in Sources */ = {isa = PBXBuildFile; fileRef = 2B3009E7215F690100FE3A2E /* Array+sorted.swift */; };
		2B3009F7215F690200FE3A2E /* AAPLSlideLayout.swift in Sources */ = {isa = PBXBuildFile; fileRef = 2B3009E8215F690100FE3A2E /* AAPLSlideLayout.swift */; };
		2B3009F8215F690200FE3A2E /* AAPLImageFile.swift in Sources */ = {isa = PBXBuildFile; fileRef = 2B3009E9215F690200FE3A2E /* AAPLImageFile.swift */; };
		2B3009F9215F690200FE3A2E /* ObjC.swift in Sources */ = {isa = PBXBuildFile; fileRef = 2B3009EA215F690200FE3A2E /* ObjC.swift */; };
		2B3009FE215F696F00FE3A2E /* Slide.xib in Resources */ = {isa = PBXBuildFile; fileRef = 2B3009FB215F696F00FE3A2E /* Slide.xib */; };
		2B3009FF215F696F00FE3A2E /* MainMenu.xib in Resources */ = {isa = PBXBuildFile; fileRef = 2B3009FC215F696F00FE3A2E /* MainMenu.xib */; };
		2B300A00215F696F00FE3A2E /* BrowserWindow.xib in Resources */ = {isa = PBXBuildFile; fileRef = 2B3009FD215F696F00FE3A2E /* BrowserWindow.xib */; };
/* End PBXBuildFile section */

/* Begin PBXFileReference section */
		2B3009C9215F68E400FE3A2E /* PhotoGallery.app */ = {isa = PBXFileReference; explicitFileType = wrapper.application; includeInIndex = 0; path = PhotoGallery.app; sourceTree = BUILT_PRODUCTS_DIR; };
		2B3009CC215F68E400FE3A2E /* AppDelegate.swift */ = {isa = PBXFileReference; lastKnownFileType = sourcecode.swift; path = AppDelegate.swift; sourceTree = "<group>"; };
		2B3009CE215F68E400FE3A2E /* ViewController.swift */ = {isa = PBXFileReference; lastKnownFileType = sourcecode.swift; path = ViewController.swift; sourceTree = "<group>"; };
		2B3009D0215F68E500FE3A2E /* Assets.xcassets */ = {isa = PBXFileReference; lastKnownFileType = folder.assetcatalog; path = Assets.xcassets; sourceTree = "<group>"; };
		2B3009D3215F68E500FE3A2E /* Base */ = {isa = PBXFileReference; lastKnownFileType = file.storyboard; name = Base; path = Base.lproj/Main.storyboard; sourceTree = "<group>"; };
		2B3009D5215F68E500FE3A2E /* Info.plist */ = {isa = PBXFileReference; lastKnownFileType = text.plist.xml; path = Info.plist; sourceTree = "<group>"; };
		2B3009D6215F68E500FE3A2E /* PhotoGallery.entitlements */ = {isa = PBXFileReference; lastKnownFileType = text.plist.entitlements; path = PhotoGallery.entitlements; sourceTree = "<group>"; };
		2B3009DC215F690100FE3A2E /* AAPLSlide.swift */ = {isa = PBXFileReference; fileEncoding = 4; lastKnownFileType = sourcecode.swift; path = AAPLSlide.swift; sourceTree = "<group>"; };
		2B3009DD215F690100FE3A2E /* AAPLFooterView.swift */ = {isa = PBXFileReference; fileEncoding = 4; lastKnownFileType = sourcecode.swift; path = AAPLFooterView.swift; sourceTree = "<group>"; };
		2B3009DE215F690100FE3A2E /* AAPLImageCollection.swift */ = {isa = PBXFileReference; fileEncoding = 4; lastKnownFileType = sourcecode.swift; path = AAPLImageCollection.swift; sourceTree = "<group>"; };
		2B3009DF215F690100FE3A2E /* AAPLAppDelegate.swift */ = {isa = PBXFileReference; fileEncoding = 4; lastKnownFileType = sourcecode.swift; path = AAPLAppDelegate.swift; sourceTree = "<group>"; };
		2B3009E0215F690100FE3A2E /* AAPLHeaderView.swift */ = {isa = PBXFileReference; fileEncoding = 4; lastKnownFileType = sourcecode.swift; path = AAPLHeaderView.swift; sourceTree = "<group>"; };
		2B3009E1215F690100FE3A2E /* AAPLSlideImageView.swift */ = {isa = PBXFileReference; fileEncoding = 4; lastKnownFileType = sourcecode.swift; path = AAPLSlideImageView.swift; sourceTree = "<group>"; };
		2B3009E2215F690100FE3A2E /* AAPLFileTreeWatcherThread.swift */ = {isa = PBXFileReference; fileEncoding = 4; lastKnownFileType = sourcecode.swift; path = AAPLFileTreeWatcherThread.swift; sourceTree = "<group>"; };
		2B3009E3215F690100FE3A2E /* AAPLWrappedLayout.swift */ = {isa = PBXFileReference; fileEncoding = 4; lastKnownFileType = sourcecode.swift; path = AAPLWrappedLayout.swift; sourceTree = "<group>"; };
		2B3009E4215F690100FE3A2E /* AAPLSlideCarrierView.swift */ = {isa = PBXFileReference; fileEncoding = 4; lastKnownFileType = sourcecode.swift; path = AAPLSlideCarrierView.swift; sourceTree = "<group>"; };
		2B3009E5215F690100FE3A2E /* AAPLSlideBorderView.swift */ = {isa = PBXFileReference; fileEncoding = 4; lastKnownFileType = sourcecode.swift; path = AAPLSlideBorderView.swift; sourceTree = "<group>"; };
		2B3009E6215F690100FE3A2E /* AAPLBrowserWindowController.swift */ = {isa = PBXFileReference; fileEncoding = 4; lastKnownFileType = sourcecode.swift; path = AAPLBrowserWindowController.swift; sourceTree = "<group>"; };
		2B3009E7215F690100FE3A2E /* Array+sorted.swift */ = {isa = PBXFileReference; fileEncoding = 4; lastKnownFileType = sourcecode.swift; path = "Array+sorted.swift"; sourceTree = "<group>"; };
		2B3009E8215F690100FE3A2E /* AAPLSlideLayout.swift */ = {isa = PBXFileReference; fileEncoding = 4; lastKnownFileType = sourcecode.swift; path = AAPLSlideLayout.swift; sourceTree = "<group>"; };
		2B3009E9215F690200FE3A2E /* AAPLImageFile.swift */ = {isa = PBXFileReference; fileEncoding = 4; lastKnownFileType = sourcecode.swift; path = AAPLImageFile.swift; sourceTree = "<group>"; };
		2B3009EA215F690200FE3A2E /* ObjC.swift */ = {isa = PBXFileReference; fileEncoding = 4; lastKnownFileType = sourcecode.swift; path = ObjC.swift; sourceTree = "<group>"; };
		2B3009FB215F696F00FE3A2E /* Slide.xib */ = {isa = PBXFileReference; fileEncoding = 4; lastKnownFileType = file.xib; path = Slide.xib; sourceTree = "<group>"; };
		2B3009FC215F696F00FE3A2E /* MainMenu.xib */ = {isa = PBXFileReference; fileEncoding = 4; lastKnownFileType = file.xib; path = MainMenu.xib; sourceTree = "<group>"; };
		2B3009FD215F696F00FE3A2E /* BrowserWindow.xib */ = {isa = PBXFileReference; fileEncoding = 4; lastKnownFileType = file.xib; path = BrowserWindow.xib; sourceTree = "<group>"; };
/* End PBXFileReference section */

/* Begin PBXFrameworksBuildPhase section */
		2B3009C6215F68E400FE3A2E /* Frameworks */ = {
			isa = PBXFrameworksBuildPhase;
			buildActionMask = 2147483647;
			files = (
			);
			runOnlyForDeploymentPostprocessing = 0;
		};
/* End PBXFrameworksBuildPhase section */

/* Begin PBXGroup section */
		2B3009C0215F68E400FE3A2E = {
			isa = PBXGroup;
			children = (
				2B3009CB215F68E400FE3A2E /* PhotoGallery */,
				2B3009CA215F68E400FE3A2E /* Products */,
			);
			sourceTree = "<group>";
		};
		2B3009CA215F68E400FE3A2E /* Products */ = {
			isa = PBXGroup;
			children = (
				2B3009C9215F68E400FE3A2E /* PhotoGallery.app */,
			);
			name = Products;
			sourceTree = "<group>";
		};
		2B3009CB215F68E400FE3A2E /* PhotoGallery */ = {
			isa = PBXGroup;
			children = (
				2B3009FA215F690700FE3A2E /* New Group */,
				2B3009CC215F68E400FE3A2E /* AppDelegate.swift */,
				2B3009CE215F68E400FE3A2E /* ViewController.swift */,
				2B3009D0215F68E500FE3A2E /* Assets.xcassets */,
				2B3009D2215F68E500FE3A2E /* Main.storyboard */,
				2B3009FD215F696F00FE3A2E /* BrowserWindow.xib */,
				2B3009FC215F696F00FE3A2E /* MainMenu.xib */,
				2B3009FB215F696F00FE3A2E /* Slide.xib */,
				2B3009D5215F68E500FE3A2E /* Info.plist */,
				2B3009D6215F68E500FE3A2E /* PhotoGallery.entitlements */,
			);
			path = PhotoGallery;
			sourceTree = "<group>";
		};
		2B3009FA215F690700FE3A2E /* New Group */ = {
			isa = PBXGroup;
			children = (
				2B3009DF215F690100FE3A2E /* AAPLAppDelegate.swift */,
				2B3009E6215F690100FE3A2E /* AAPLBrowserWindowController.swift */,
				2B3009E2215F690100FE3A2E /* AAPLFileTreeWatcherThread.swift */,
				2B3009DD215F690100FE3A2E /* AAPLFooterView.swift */,
				2B3009E0215F690100FE3A2E /* AAPLHeaderView.swift */,
				2B3009DE215F690100FE3A2E /* AAPLImageCollection.swift */,
				2B3009E9215F690200FE3A2E /* AAPLImageFile.swift */,
				2B3009DC215F690100FE3A2E /* AAPLSlide.swift */,
				2B3009E5215F690100FE3A2E /* AAPLSlideBorderView.swift */,
				2B3009E4215F690100FE3A2E /* AAPLSlideCarrierView.swift */,
				2B3009E1215F690100FE3A2E /* AAPLSlideImageView.swift */,
				2B3009E8215F690100FE3A2E /* AAPLSlideLayout.swift */,
				2B3009E3215F690100FE3A2E /* AAPLWrappedLayout.swift */,
				2B3009E7215F690100FE3A2E /* Array+sorted.swift */,
				2B3009EA215F690200FE3A2E /* ObjC.swift */,
			);
			path = "New Group";
			sourceTree = "<group>";
		};
/* End PBXGroup section */

/* Begin PBXNativeTarget section */
		2B3009C8215F68E400FE3A2E /* PhotoGallery */ = {
			isa = PBXNativeTarget;
			buildConfigurationList = 2B3009D9215F68E500FE3A2E /* Build configuration list for PBXNativeTarget "PhotoGallery" */;
			buildPhases = (
				2B3009C5215F68E400FE3A2E /* Sources */,
				2B3009C6215F68E400FE3A2E /* Frameworks */,
				2B3009C7215F68E400FE3A2E /* Resources */,
			);
			buildRules = (
			);
			dependencies = (
			);
			name = PhotoGallery;
			productName = PhotoGallery;
			productReference = 2B3009C9215F68E400FE3A2E /* PhotoGallery.app */;
			productType = "com.apple.product-type.application";
		};
/* End PBXNativeTarget section */

/* Begin PBXProject section */
		2B3009C1215F68E400FE3A2E /* Project object */ = {
			isa = PBXProject;
			attributes = {
				LastSwiftUpdateCheck = 0940;
				LastUpgradeCheck = 0940;
				ORGANIZATIONNAME = "Koray Birand";
				TargetAttributes = {
					2B3009C8215F68E400FE3A2E = {
						CreatedOnToolsVersion = 9.4.1;
						SystemCapabilities = {
							com.apple.Sandbox = {
								enabled = 0;
							};
						};
					};
				};
			};
			buildConfigurationList = 2B3009C4215F68E400FE3A2E /* Build configuration list for PBXProject "PhotoGallery" */;
			compatibilityVersion = "Xcode 9.3";
			developmentRegion = en;
			hasScannedForEncodings = 0;
			knownRegions = (
				en,
				Base,
			);
			mainGroup = 2B3009C0215F68E400FE3A2E;
			productRefGroup = 2B3009CA215F68E400FE3A2E /* Products */;
			projectDirPath = "";
			projectRoot = "";
			targets = (
				2B3009C8215F68E400FE3A2E /* PhotoGallery */,
			);
		};
/* End PBXProject section */

/* Begin PBXResourcesBuildPhase section */
		2B3009C7215F68E400FE3A2E /* Resources */ = {
			isa = PBXResourcesBuildPhase;
			buildActionMask = 2147483647;
			files = (
				2B3009D1215F68E500FE3A2E /* Assets.xcassets in Resources */,
				2B3009D4215F68E500FE3A2E /* Main.storyboard in Resources */,
				2B3009FE215F696F00FE3A2E /* Slide.xib in Resources */,
				2B3009FF215F696F00FE3A2E /* MainMenu.xib in Resources */,
				2B300A00215F696F00FE3A2E /* BrowserWindow.xib in Resources */,
			);
			runOnlyForDeploymentPostprocessing = 0;
		};
/* End PBXResourcesBuildPhase section */

/* Begin PBXSourcesBuildPhase section */
		2B3009C5215F68E400FE3A2E /* Sources */ = {
			isa = PBXSourcesBuildPhase;
			buildActionMask = 2147483647;
			files = (
				2B3009F9215F690200FE3A2E /* ObjC.swift in Sources */,
				2B3009F6215F690200FE3A2E /* Array+sorted.swift in Sources */,
				2B3009F0215F690200FE3A2E /* AAPLSlideImageView.swift in Sources */,
				2B3009EB215F690200FE3A2E /* AAPLSlide.swift in Sources */,
				2B3009F3215F690200FE3A2E /* AAPLSlideCarrierView.swift in Sources */,
				2B3009F7215F690200FE3A2E /* AAPLSlideLayout.swift in Sources */,
				2B3009F5215F690200FE3A2E /* AAPLBrowserWindowController.swift in Sources */,
				2B3009CF215F68E400FE3A2E /* ViewController.swift in Sources */,
				2B3009EF215F690200FE3A2E /* AAPLHeaderView.swift in Sources */,
				2B3009EE215F690200FE3A2E /* AAPLAppDelegate.swift in Sources */,
				2B3009CD215F68E400FE3A2E /* AppDelegate.swift in Sources */,
				2B3009EC215F690200FE3A2E /* AAPLFooterView.swift in Sources */,
				2B3009F4215F690200FE3A2E /* AAPLSlideBorderView.swift in Sources */,
				2B3009F1215F690200FE3A2E /* AAPLFileTreeWatcherThread.swift in Sources */,
				2B3009ED215F690200FE3A2E /* AAPLImageCollection.swift in Sources */,
				2B3009F2215F690200FE3A2E /* AAPLWrappedLayout.swift in Sources */,
				2B3009F8215F690200FE3A2E /* AAPLImageFile.swift in Sources */,
			);
			runOnlyForDeploymentPostprocessing = 0;
		};
/* End PBXSourcesBuildPhase section */

/* Begin PBXVariantGroup section */
		2B3009D2215F68E500FE3A2E /* Main.storyboard */ = {
			isa = PBXVariantGroup;
			children = (
				2B3009D3215F68E500FE3A2E /* Base */,
			);
			name = Main.storyboard;
			sourceTree = "<group>";
		};
/* End PBXVariantGroup section */

/* Begin XCBuildConfiguration section */
		2B3009D7215F68E500FE3A2E /* Debug */ = {
			isa = XCBuildConfiguration;
			buildSettings = {
				ALWAYS_SEARCH_USER_PATHS = NO;
				CLANG_ANALYZER_NONNULL = YES;
				CLANG_ANALYZER_NUMBER_OBJECT_CONVERSION = YES_AGGRESSIVE;
				CLANG_CXX_LANGUAGE_STANDARD = "gnu++14";
				CLANG_CXX_LIBRARY = "libc++";
				CLANG_ENABLE_MODULES = YES;
				CLANG_ENABLE_OBJC_ARC = YES;
				CLANG_ENABLE_OBJC_WEAK = YES;
				CLANG_WARN_BLOCK_CAPTURE_AUTORELEASING = YES;
				CLANG_WARN_BOOL_CONVERSION = YES;
				CLANG_WARN_COMMA = YES;
				CLANG_WARN_CONSTANT_CONVERSION = YES;
				CLANG_WARN_DEPRECATED_OBJC_IMPLEMENTATIONS = YES;
				CLANG_WARN_DIRECT_OBJC_ISA_USAGE = YES_ERROR;
				CLANG_WARN_DOCUMENTATION_COMMENTS = YES;
				CLANG_WARN_EMPTY_BODY = YES;
				CLANG_WARN_ENUM_CONVERSION = YES;
				CLANG_WARN_INFINITE_RECURSION = YES;
				CLANG_WARN_INT_CONVERSION = YES;
				CLANG_WARN_NON_LITERAL_NULL_CONVERSION = YES;
				CLANG_WARN_OBJC_IMPLICIT_RETAIN_SELF = YES;
				CLANG_WARN_OBJC_LITERAL_CONVERSION = YES;
				CLANG_WARN_OBJC_ROOT_CLASS = YES_ERROR;
				CLANG_WARN_RANGE_LOOP_ANALYSIS = YES;
				CLANG_WARN_STRICT_PROTOTYPES = YES;
				CLANG_WARN_SUSPICIOUS_MOVE = YES;
				CLANG_WARN_UNGUARDED_AVAILABILITY = YES_AGGRESSIVE;
				CLANG_WARN_UNREACHABLE_CODE = YES;
				CLANG_WARN__DUPLICATE_METHOD_MATCH = YES;
				CODE_SIGN_IDENTITY = "Mac Developer";
				COPY_PHASE_STRIP = NO;
				DEBUG_INFORMATION_FORMAT = dwarf;
				ENABLE_STRICT_OBJC_MSGSEND = YES;
				ENABLE_TESTABILITY = YES;
				GCC_C_LANGUAGE_STANDARD = gnu11;
				GCC_DYNAMIC_NO_PIC = NO;
				GCC_NO_COMMON_BLOCKS = YES;
				GCC_OPTIMIZATION_LEVEL = 0;
				GCC_PREPROCESSOR_DEFINITIONS = (
					"DEBUG=1",
					"$(inherited)",
				);
				GCC_WARN_64_TO_32_BIT_CONVERSION = YES;
				GCC_WARN_ABOUT_RETURN_TYPE = YES_ERROR;
				GCC_WARN_UNDECLARED_SELECTOR = YES;
				GCC_WARN_UNINITIALIZED_AUTOS = YES_AGGRESSIVE;
				GCC_WARN_UNUSED_FUNCTION = YES;
				GCC_WARN_UNUSED_VARIABLE = YES;
				MACOSX_DEPLOYMENT_TARGET = 10.13;
				MTL_ENABLE_DEBUG_INFO = YES;
				ONLY_ACTIVE_ARCH = YES;
				SDKROOT = macosx;
				SWIFT_ACTIVE_COMPILATION_CONDITIONS = DEBUG;
				SWIFT_OPTIMIZATION_LEVEL = "-Onone";
			};
			name = Debug;
		};
		2B3009D8215F68E500FE3A2E /* Release */ = {
			isa = XCBuildConfiguration;
			buildSettings = {
				ALWAYS_SEARCH_USER_PATHS = NO;
				CLANG_ANALYZER_NONNULL = YES;
				CLANG_ANALYZER_NUMBER_OBJECT_CONVERSION = YES_AGGRESSIVE;
				CLANG_CXX_LANGUAGE_STANDARD = "gnu++14";
				CLANG_CXX_LIBRARY = "libc++";
				CLANG_ENABLE_MODULES = YES;
				CLANG_ENABLE_OBJC_ARC = YES;
				CLANG_ENABLE_OBJC_WEAK = YES;
				CLANG_WARN_BLOCK_CAPTURE_AUTORELEASING = YES;
				CLANG_WARN_BOOL_CONVERSION = YES;
				CLANG_WARN_COMMA = YES;
				CLANG_WARN_CONSTANT_CONVERSION = YES;
				CLANG_WARN_DEPRECATED_OBJC_IMPLEMENTATIONS = YES;
				CLANG_WARN_DIRECT_OBJC_ISA_USAGE = YES_ERROR;
				CLANG_WARN_DOCUMENTATION_COMMENTS = YES;
				CLANG_WARN_EMPTY_BODY = YES;
				CLANG_WARN_ENUM_CONVERSION = YES;
				CLANG_WARN_INFINITE_RECURSION = YES;
				CLANG_WARN_INT_CONVERSION = YES;
				CLANG_WARN_NON_LITERAL_NULL_CONVERSION = YES;
				CLANG_WARN_OBJC_IMPLICIT_RETAIN_SELF = YES;
				CLANG_WARN_OBJC_LITERAL_CONVERSION = YES;
				CLANG_WARN_OBJC_ROOT_CLASS = YES_ERROR;
				CLANG_WARN_RANGE_LOOP_ANALYSIS = YES;
				CLANG_WARN_STRICT_PROTOTYPES = YES;
				CLANG_WARN_SUSPICIOUS_MOVE = YES;
				CLANG_WARN_UNGUARDED_AVAILABILITY = YES_AGGRESSIVE;
				CLANG_WARN_UNREACHABLE_CODE = YES;
				CLANG_WARN__DUPLICATE_METHOD_MATCH = YES;
				CODE_SIGN_IDENTITY = "Mac Developer";
				COPY_PHASE_STRIP = NO;
				DEBUG_INFORMATION_FORMAT = "dwarf-with-dsym";
				ENABLE_NS_ASSERTIONS = NO;
				ENABLE_STRICT_OBJC_MSGSEND = YES;
				GCC_C_LANGUAGE_STANDARD = gnu11;
				GCC_NO_COMMON_BLOCKS = YES;
				GCC_WARN_64_TO_32_BIT_CONVERSION = YES;
				GCC_WARN_ABOUT_RETURN_TYPE = YES_ERROR;
				GCC_WARN_UNDECLARED_SELECTOR = YES;
				GCC_WARN_UNINITIALIZED_AUTOS = YES_AGGRESSIVE;
				GCC_WARN_UNUSED_FUNCTION = YES;
				GCC_WARN_UNUSED_VARIABLE = YES;
				MACOSX_DEPLOYMENT_TARGET = 10.13;
				MTL_ENABLE_DEBUG_INFO = NO;
				SDKROOT = macosx;
				SWIFT_COMPILATION_MODE = wholemodule;
				SWIFT_OPTIMIZATION_LEVEL = "-O";
			};
			name = Release;
		};
		2B3009DA215F68E500FE3A2E /* Debug */ = {
			isa = XCBuildConfiguration;
			buildSettings = {
				ASSETCATALOG_COMPILER_APPICON_NAME = AppIcon;
				CODE_SIGN_STYLE = Automatic;
				COMBINE_HIDPI_IMAGES = YES;
				DEVELOPMENT_TEAM = XQ284ZEU8W;
				INFOPLIST_FILE = PhotoGallery/Info.plist;
				LD_RUNPATH_SEARCH_PATHS = (
					"$(inherited)",
					"@executable_path/../Frameworks",
				);
				PRODUCT_BUNDLE_IDENTIFIER = com.koraybirand.PhotoGallery;
				PRODUCT_NAME = "$(TARGET_NAME)";
				SWIFT_VERSION = 4.0;
			};
			name = Debug;
		};
		2B3009DB215F68E500FE3A2E /* Release */ = {
			isa = XCBuildConfiguration;
			buildSettings = {
				ASSETCATALOG_COMPILER_APPICON_NAME = AppIcon;
				CODE_SIGN_STYLE = Automatic;
				COMBINE_HIDPI_IMAGES = YES;
				DEVELOPMENT_TEAM = XQ284ZEU8W;
				INFOPLIST_FILE = PhotoGallery/Info.plist;
				LD_RUNPATH_SEARCH_PATHS = (
					"$(inherited)",
					"@executable_path/../Frameworks",
				);
				PRODUCT_BUNDLE_IDENTIFIER = com.koraybirand.PhotoGallery;
				PRODUCT_NAME = "$(TARGET_NAME)";
				SWIFT_VERSION = 4.0;
			};
			name = Release;
		};
/* End XCBuildConfiguration section */

/* Begin XCConfigurationList section */
		2B3009C4215F68E400FE3A2E /* Build configuration list for PBXProject "PhotoGallery" */ = {
			isa = XCConfigurationList;
			buildConfigurations = (
				2B3009D7215F68E500FE3A2E /* Debug */,
				2B3009D8215F68E500FE3A2E /* Release */,
			);
			defaultConfigurationIsVisible = 0;
			defaultConfigurationName = Release;
		};
		2B3009D9215F68E500FE3A2E /* Build configuration list for PBXNativeTarget "PhotoGallery" */ = {
			isa = XCConfigurationList;
			buildConfigurations = (
				2B3009DA215F68E500FE3A2E /* Debug */,
				2B3009DB215F68E500FE3A2E /* Release */,
			);
			defaultConfigurationIsVisible = 0;
			defaultConfigurationName = Release;
		};
/* End XCConfigurationList section */
	};
	rootObject = 2B3009C1215F68E400FE3A2E /* Project object */;
}
